
Microsoft Visual Studio Solution File, Format Version 12.00
# Visual Studio Version 17
VisualStudioVersion = 17.5.33502.453
MinimumVisualStudioVersion = 10.0.40219.1
Project("{FAE04EC0-301F-11D3-BF4B-00C04F79EFBC}") = "CalibrationModule", "CalibrationModule.csproj", "{5B8A5685-BE62-4C1C-9464-E96A98C65744}"
EndProject
Global
	GlobalSection(SolutionConfigurationPlatforms) = preSolution
		Debug|Any CPU = Debug|Any CPU
		Release|Any CPU = Release|Any CPU
	EndGlobalSection
	GlobalSection(ProjectConfigurationPlatforms) = postSolution
		{5B8A5685-BE62-4C1C-9464-E96A98C65744}.Debug|Any CPU.ActiveCfg = Debug|Any CPU
		{5B8A5685-BE62-4C1C-9464-E96A98C65744}.Debug|Any CPU.Build.0 = Debug|Any CPU
		{5B8A5685-BE62-4C1C-9464-E96A98C65744}.Release|Any CPU.ActiveCfg = Release|Any CPU
		{5B8A5685-BE62-4C1C-9464-E96A98C65744}.Release|Any CPU.Build.0 = Release|Any CPU
	EndGlobalSection
	GlobalSection(SolutionProperties) = preSolution
		HideSolutionNode = FALSE
	EndGlobalSection
	GlobalSection(ExtensibilityGlobals) = postSolution
		SolutionGuid = {263524CB-F8D2-4C4A-A245-7BAADCB27D7D}
	EndGlobalSection
EndGlobal
